
Microsoft Visual Studio Solution File, Format Version 12.00
# Visual Studio Version 17
VisualStudioVersion = 17.7.34221.43
MinimumVisualStudioVersion = 10.0.40219.1
Project("{FAE04EC0-301F-11D3-BF4B-00C04F79EFBC}") = "RestAPIExample", "RestAPIExample\RestAPIExample.csproj", "{15000677-3464-4527-82D2-9488A337F5CB}"
EndProject
Global
	GlobalSection(SolutionConfigurationPlatforms) = preSolution
		Debug|Any CPU = Debug|Any CPU
		Release|Any CPU = Release|Any CPU
	EndGlobalSection
	GlobalSection(ProjectConfigurationPlatforms) = postSolution
		{15000677-3464-4527-82D2-9488A337F5CB}.Debug|Any CPU.ActiveCfg = Debug|Any CPU
		{15000677-3464-4527-82D2-9488A337F5CB}.Debug|Any CPU.Build.0 = Debug|Any CPU
		{15000677-3464-4527-82D2-9488A337F5CB}.Release|Any CPU.ActiveCfg = Release|Any CPU
		{15000677-3464-4527-82D2-9488A337F5CB}.Release|Any CPU.Build.0 = Release|Any CPU
	EndGlobalSection
	GlobalSection(SolutionProperties) = preSolution
		HideSolutionNode = FALSE
	EndGlobalSection
	GlobalSection(ExtensibilityGlobals) = postSolution
		SolutionGuid = {2CC6A458-B07F-4A92-B0A0-49EBAC910259}
	EndGlobalSection
EndGlobal
