
Microsoft Visual Studio Solution File, Format Version 12.00
# Visual Studio Version 17
VisualStudioVersion = 17.7.34031.279
MinimumVisualStudioVersion = 10.0.40219.1
Project("{FAE04EC0-301F-11D3-BF4B-00C04F79EFBC}") = "BasicCalculator", "Attempt\BasicCalculator.csproj", "{1A582D53-5603-4A68-B9EA-5E7E9CD5E007}"
EndProject
Global
	GlobalSection(SolutionConfigurationPlatforms) = preSolution
		Debug|Any CPU = Debug|Any CPU
		Release|Any CPU = Release|Any CPU
	EndGlobalSection
	GlobalSection(ProjectConfigurationPlatforms) = postSolution
		{1A582D53-5603-4A68-B9EA-5E7E9CD5E007}.Debug|Any CPU.ActiveCfg = Debug|Any CPU
		{1A582D53-5603-4A68-B9EA-5E7E9CD5E007}.Debug|Any CPU.Build.0 = Debug|Any CPU
		{1A582D53-5603-4A68-B9EA-5E7E9CD5E007}.Release|Any CPU.ActiveCfg = Release|Any CPU
		{1A582D53-5603-4A68-B9EA-5E7E9CD5E007}.Release|Any CPU.Build.0 = Release|Any CPU
	EndGlobalSection
	GlobalSection(SolutionProperties) = preSolution
		HideSolutionNode = FALSE
	EndGlobalSection
	GlobalSection(ExtensibilityGlobals) = postSolution
		SolutionGuid = {0F114AD7-C52A-46B0-90AE-E3FCA66D5B75}
	EndGlobalSection
EndGlobal
